{
  "name": "Zero-one",
  "lockfileVersion": 3,
  "requires": true,
  "packages": {
    "": {
      "dependencies": {
        "@clerk/nextjs": "^6.1.3",
        "@radix-ui/react-toast": "^1.1.5",
        "class-variance-authority": "^0.7.0",
        "clsx": "^2.1.0",
        "lucide-react": "^0.358.0",
        "next": "^14.2.12",
        "react": "^18",
        "react-dom": "^18",
        "react-toastify": "^10.0.4",
        "tailwind-merge": "^2.2.1"
      }
    },
    "node_modules/@clerk/backend": {
      "version": "1.15.5",
      "resolved": "https://registry.npmjs.org/@clerk/backend/-/backend-1.15.5.tgz",
      "integrity": "sha512-sgwWNm96IRQCIVmlJpm0Hr09GqK9jP19ko3AZUINuFxfqX+U3o26G7vwUoAGDxeSxvcb7LzxoAVAXBZZFsDzyw==",
      "dependencies": {
        "@clerk/shared": "2.11.3",
        "@clerk/types": "4.29.0",
        "cookie": "0.7.0",
        "snakecase-keys": "5.4.4",
        "tslib": "2.4.1"
      },
      "engines": {
        "node": ">=18.17.0"
      }
    },
    "node_modules/@clerk/clerk-react": {
      "version": "5.14.3",
      "resolved": "https://registry.npmjs.org/@clerk/clerk-react/-/clerk-react-5.14.3.tgz",
      "integrity": "sha512-rzRTt+f7jzmL9CtebGJUsQkluEI6UhPLwV6sIuiLjlMEaVfBjhSoMXfqOfP0PDaQk/hJE5kGupNi6XEOo4olDA==",
      "dependencies": {
        "@clerk/shared": "2.11.3",
        "@clerk/types": "4.29.0",
        "tslib": "2.4.1"
      },
      "engines": {
        "node": ">=18.17.0"
      },
      "peerDependencies": {
        "react": "^18 || ^19.0.0-0",
        "react-dom": "^18 || ^19.0.0-0"
      }
    },
    "node_modules/@clerk/nextjs": {
      "version": "6.1.3",
      "resolved": "https://registry.npmjs.org/@clerk/nextjs/-/nextjs-6.1.3.tgz",
      "integrity": "sha512-MtjwOhW0fDzIQRru78it2/DK1YtbnpiTxNFyaQgLgw7v/OWhZ9vPcXQ7txDpTwMXrvQMM4hQe4LN8GKAaCscJw==",
      "dependencies": {
        "@clerk/backend": "1.15.5",
        "@clerk/clerk-react": "5.14.3",
        "@clerk/shared": "2.11.3",
        "@clerk/types": "4.29.0",
        "crypto-js": "4.2.0",
        "ezheaders": "0.1.0",
        "server-only": "0.0.1",
        "tslib": "2.4.1"
      },
      "engines": {
        "node": ">=18.17.0"
      },
      "peerDependencies": {
        "next": "^13.5.4 || ^14.0.3 || ^15.0.0",
        "react": "^18 || ^19.0.0-0",
        "react-dom": "^18 || ^19.0.0-0"
      }
    },
    "node_modules/@clerk/shared": {
      "version": "2.11.3",
      "resolved": "https://registry.npmjs.org/@clerk/shared/-/shared-2.11.3.tgz",
      "integrity": "sha512-twA/vbfhLdXU4kCFRme9kP0juzh1FNcKg/HoVaXrT7WaiN68fnpD0TtwVc6jmKV4bj5mjh3TBxrvrp3HOQjigw==",
      "hasInstallScript": true,
      "dependencies": {
        "@clerk/types": "4.29.0",
        "glob-to-regexp": "0.4.1",
        "js-cookie": "3.0.5",
        "std-env": "^3.7.0",
        "swr": "^2.2.0"
      },
      "engines": {
        "node": ">=18.17.0"
      },
      "peerDependencies": {
        "react": ">=18 || >=19.0.0-beta",
        "react-dom": ">=18 || >=19.0.0-beta"
      },
      "peerDependenciesMeta": {
        "react": {
          "optional": true
        },
        "react-dom": {
          "optional": true
        }
      }
    },
    "node_modules/@clerk/types": {
      "version": "4.29.0",
      "resolved": "https://registry.npmjs.org/@clerk/types/-/types-4.29.0.tgz",
      "integrity": "sha512-VSqxXWUewMrHeXUxd4pzou6288DFaMy+qUeRtld6oMnts9R/iUXE1qHgFvzRDgYBHBYmrviasubGh2KhvIFXUQ==",
      "dependencies": {
        "csstype": "3.1.1"
      },
      "engines": {
        "node": ">=18.17.0"
      }
    },
    "node_modules/@next/env": {
      "version": "14.2.16",
      "resolved": "https://registry.npmjs.org/@next/env/-/env-14.2.16.tgz",
      "integrity": "sha512-fLrX5TfJzHCbnZ9YUSnGW63tMV3L4nSfhgOQ0iCcX21Pt+VSTDuaLsSuL8J/2XAiVA5AnzvXDpf6pMs60QxOag=="
    },
    "node_modules/@next/swc-darwin-arm64": {
      "version": "14.2.16",
      "resolved": "https://registry.npmjs.org/@next/swc-darwin-arm64/-/swc-darwin-arm64-14.2.16.tgz",
      "integrity": "sha512-uFT34QojYkf0+nn6MEZ4gIWQ5aqGF11uIZ1HSxG+cSbj+Mg3+tYm8qXYd3dKN5jqKUm5rBVvf1PBRO/MeQ6rxw==",
      "cpu": [
        "arm64"
      ],
      "optional": true,
      "os": [
        "darwin"
      ],
      "engines": {
        "node": ">= 10"
      }
    },
    "node_modules/@next/swc-darwin-x64": {
      "version": "14.2.16",
      "resolved": "https://registry.npmjs.org/@next/swc-darwin-x64/-/swc-darwin-x64-14.2.16.tgz",
      "integrity": "sha512-mCecsFkYezem0QiZlg2bau3Xul77VxUD38b/auAjohMA22G9KTJneUYMv78vWoCCFkleFAhY1NIvbyjj1ncG9g==",
      "cpu": [
        "x64"
      ],
      "optional": true,
      "os": [
        "darwin"
      ],
      "engines": {
        "node": ">= 10"
      }
    },
    "node_modules/@next/swc-linux-arm64-gnu": {
      "version": "14.2.16",
      "resolved": "https://registry.npmjs.org/@next/swc-linux-arm64-gnu/-/swc-linux-arm64-gnu-14.2.16.tgz",
      "integrity": "sha512-yhkNA36+ECTC91KSyZcgWgKrYIyDnXZj8PqtJ+c2pMvj45xf7y/HrgI17hLdrcYamLfVt7pBaJUMxADtPaczHA==",
      "cpu": [
        "arm64"
      ],
      "optional": true,
      "os": [
        "linux"
      ],
      "engines": {
        "node": ">= 10"
      }
    },
    "node_modules/@next/swc-linux-arm64-musl": {
      "version": "14.2.16",
      "resolved": "https://registry.npmjs.org/@next/swc-linux-arm64-musl/-/swc-linux-arm64-musl-14.2.16.tgz",
      "integrity": "sha512-X2YSyu5RMys8R2lA0yLMCOCtqFOoLxrq2YbazFvcPOE4i/isubYjkh+JCpRmqYfEuCVltvlo+oGfj/b5T2pKUA==",
      "cpu": [
        "arm64"
      ],
      "optional": true,
      "os": [
        "linux"
      ],
      "engines": {
        "node": ">= 10"
      }
    },
    "node_modules/@next/swc-linux-x64-gnu": {
      "version": "14.2.16",
      "resolved": "https://registry.npmjs.org/@next/swc-linux-x64-gnu/-/swc-linux-x64-gnu-14.2.16.tgz",
      "integrity": "sha512-9AGcX7VAkGbc5zTSa+bjQ757tkjr6C/pKS7OK8cX7QEiK6MHIIezBLcQ7gQqbDW2k5yaqba2aDtaBeyyZh1i6Q==",
      "cpu": [
        "x64"
      ],
      "optional": true,
      "os": [
        "linux"
      ],
      "engines": {
        "node": ">= 10"
      }
    },
    "node_modules/@next/swc-linux-x64-musl": {
      "version": "14.2.16",
      "resolved": "https://registry.npmjs.org/@next/swc-linux-x64-musl/-/swc-linux-x64-musl-14.2.16.tgz",
      "integrity": "sha512-Klgeagrdun4WWDaOizdbtIIm8khUDQJ/5cRzdpXHfkbY91LxBXeejL4kbZBrpR/nmgRrQvmz4l3OtttNVkz2Sg==",
      "cpu": [
        "x64"
      ],
      "optional": true,
      "os": [
        "linux"
      ],
      "engines": {
        "node": ">= 10"
      }
    },
    "node_modules/@next/swc-win32-arm64-msvc": {
      "version": "14.2.16",
      "resolved": "https://registry.npmjs.org/@next/swc-win32-arm64-msvc/-/swc-win32-arm64-msvc-14.2.16.tgz",
      "integrity": "sha512-PwW8A1UC1Y0xIm83G3yFGPiOBftJK4zukTmk7DI1CebyMOoaVpd8aSy7K6GhobzhkjYvqS/QmzcfsWG2Dwizdg==",
      "cpu": [
        "arm64"
      ],
      "optional": true,
      "os": [
        "win32"
      ],
      "engines": {
        "node": ">= 10"
      }
    },
    "node_modules/@next/swc-win32-ia32-msvc": {
      "version": "14.2.16",
      "resolved": "https://registry.npmjs.org/@next/swc-win32-ia32-msvc/-/swc-win32-ia32-msvc-14.2.16.tgz",
      "integrity": "sha512-jhPl3nN0oKEshJBNDAo0etGMzv0j3q3VYorTSFqH1o3rwv1MQRdor27u1zhkgsHPNeY1jxcgyx1ZsCkDD1IHgg==",
      "cpu": [
        "ia32"
      ],
      "optional": true,
      "os": [
        "win32"
      ],
      "engines": {
        "node": ">= 10"
      }
    },
    "node_modules/@next/swc-win32-x64-msvc": {
      "version": "14.2.16",
      "resolved": "https://registry.npmjs.org/@next/swc-win32-x64-msvc/-/swc-win32-x64-msvc-14.2.16.tgz",
      "integrity": "sha512-OA7NtfxgirCjfqt+02BqxC3MIgM/JaGjw9tOe4fyZgPsqfseNiMPnCRP44Pfs+Gpo9zPN+SXaFsgP6vk8d571A==",
      "cpu": [
        "x64"
      ],
      "optional": true,
      "os": [
        "win32"
      ],
      "engines": {
        "node": ">= 10"
      }
    },
    "node_modules/@radix-ui/primitive": {
      "version": "1.1.0",
      "resolved": "https://registry.npmjs.org/@radix-ui/primitive/-/primitive-1.1.0.tgz",
      "integrity": "sha512-4Z8dn6Upk0qk4P74xBhZ6Hd/w0mPEzOOLxy4xiPXOXqjF7jZS0VAKk7/x/H6FyY2zCkYJqePf1G5KmkmNJ4RBA=="
    },
    "node_modules/@radix-ui/react-collection": {
      "version": "1.1.0",
      "resolved": "https://registry.npmjs.org/@radix-ui/react-collection/-/react-collection-1.1.0.tgz",
      "integrity": "sha512-GZsZslMJEyo1VKm5L1ZJY8tGDxZNPAoUeQUIbKeJfoi7Q4kmig5AsgLMYYuyYbfjd8fBmFORAIwYAkXMnXZgZw==",
      "dependencies": {
        "@radix-ui/react-compose-refs": "1.1.0",
        "@radix-ui/react-context": "1.1.0",
        "@radix-ui/react-primitive": "2.0.0",
        "@radix-ui/react-slot": "1.1.0"
      },
      "peerDependencies": {
        "@types/react": "*",
        "@types/react-dom": "*",
        "react": "^16.8 || ^17.0 || ^18.0 || ^19.0 || ^19.0.0-rc",
        "react-dom": "^16.8 || ^17.0 || ^18.0 || ^19.0 || ^19.0.0-rc"
      },
      "peerDependenciesMeta": {
        "@types/react": {
          "optional": true
        },
        "@types/react-dom": {
          "optional": true
        }
      }
    },
    "node_modules/@radix-ui/react-collection/node_modules/@radix-ui/react-context": {
      "version": "1.1.0",
      "resolved": "https://registry.npmjs.org/@radix-ui/react-context/-/react-context-1.1.0.tgz",
      "integrity": "sha512-OKrckBy+sMEgYM/sMmqmErVn0kZqrHPJze+Ql3DzYsDDp0hl0L62nx/2122/Bvps1qz645jlcu2tD9lrRSdf8A==",
      "peerDependencies": {
        "@types/react": "*",
        "react": "^16.8 || ^17.0 || ^18.0 || ^19.0 || ^19.0.0-rc"
      },
      "peerDependenciesMeta": {
        "@types/react": {
          "optional": true
        }
      }
    },
    "node_modules/@radix-ui/react-compose-refs": {
      "version": "1.1.0",
      "resolved": "https://registry.npmjs.org/@radix-ui/react-compose-refs/-/react-compose-refs-1.1.0.tgz",
      "integrity": "sha512-b4inOtiaOnYf9KWyO3jAeeCG6FeyfY6ldiEPanbUjWd+xIk5wZeHa8yVwmrJ2vderhu/BQvzCrJI0lHd+wIiqw==",
      "peerDependencies": {
        "@types/react": "*",
        "react": "^16.8 || ^17.0 || ^18.0 || ^19.0 || ^19.0.0-rc"
      },
      "peerDependenciesMeta": {
        "@types/react": {
          "optional": true
        }
      }
    },
    "node_modules/@radix-ui/react-context": {
      "version": "1.1.1",
      "resolved": "https://registry.npmjs.org/@radix-ui/react-context/-/react-context-1.1.1.tgz",
      "integrity": "sha512-UASk9zi+crv9WteK/NU4PLvOoL3OuE6BWVKNF6hPRBtYBDXQ2u5iu3O59zUlJiTVvkyuycnqrztsHVJwcK9K+Q==",
      "peerDependencies": {
        "@types/react": "*",
        "react": "^16.8 || ^17.0 || ^18.0 || ^19.0 || ^19.0.0-rc"
      },
      "peerDependenciesMeta": {
        "@types/react": {
          "optional": true
        }
      }
    },
    "node_modules/@radix-ui/react-dismissable-layer": {
      "version": "1.1.1",
      "resolved": "https://registry.npmjs.org/@radix-ui/react-dismissable-layer/-/react-dismissable-layer-1.1.1.tgz",
      "integrity": "sha512-QSxg29lfr/xcev6kSz7MAlmDnzbP1eI/Dwn3Tp1ip0KT5CUELsxkekFEMVBEoykI3oV39hKT4TKZzBNMbcTZYQ==",
      "dependencies": {
        "@radix-ui/primitive": "1.1.0",
        "@radix-ui/react-compose-refs": "1.1.0",
        "@radix-ui/react-primitive": "2.0.0",
        "@radix-ui/react-use-callback-ref": "1.1.0",
        "@radix-ui/react-use-escape-keydown": "1.1.0"
      },
      "peerDependencies": {
        "@types/react": "*",
        "@types/react-dom": "*",
        "react": "^16.8 || ^17.0 || ^18.0 || ^19.0 || ^19.0.0-rc",
        "react-dom": "^16.8 || ^17.0 || ^18.0 || ^19.0 || ^19.0.0-rc"
      },
      "peerDependenciesMeta": {
        "@types/react": {
          "optional": true
        },
        "@types/react-dom": {
          "optional": true
        }
      }
    },
    "node_modules/@radix-ui/react-portal": {
      "version": "1.1.2",
      "resolved": "https://registry.npmjs.org/@radix-ui/react-portal/-/react-portal-1.1.2.tgz",
      "integrity": "sha512-WeDYLGPxJb/5EGBoedyJbT0MpoULmwnIPMJMSldkuiMsBAv7N1cRdsTWZWht9vpPOiN3qyiGAtbK2is47/uMFg==",
      "dependencies": {
        "@radix-ui/react-primitive": "2.0.0",
        "@radix-ui/react-use-layout-effect": "1.1.0"
      },
      "peerDependencies": {
        "@types/react": "*",
        "@types/react-dom": "*",
        "react": "^16.8 || ^17.0 || ^18.0 || ^19.0 || ^19.0.0-rc",
        "react-dom": "^16.8 || ^17.0 || ^18.0 || ^19.0 || ^19.0.0-rc"
      },
      "peerDependenciesMeta": {
        "@types/react": {
          "optional": true
        },
        "@types/react-dom": {
          "optional": true
        }
      }
    },
    "node_modules/@radix-ui/react-presence": {
      "version": "1.1.1",
      "resolved": "https://registry.npmjs.org/@radix-ui/react-presence/-/react-presence-1.1.1.tgz",
      "integrity": "sha512-IeFXVi4YS1K0wVZzXNrbaaUvIJ3qdY+/Ih4eHFhWA9SwGR9UDX7Ck8abvL57C4cv3wwMvUE0OG69Qc3NCcTe/A==",
      "dependencies": {
        "@radix-ui/react-compose-refs": "1.1.0",
        "@radix-ui/react-use-layout-effect": "1.1.0"
      },
      "peerDependencies": {
        "@types/react": "*",
        "@types/react-dom": "*",
        "react": "^16.8 || ^17.0 || ^18.0 || ^19.0 || ^19.0.0-rc",
        "react-dom": "^16.8 || ^17.0 || ^18.0 || ^19.0 || ^19.0.0-rc"
      },
      "peerDependenciesMeta": {
        "@types/react": {
          "optional": true
        },
        "@types/react-dom": {
          "optional": true
        }
      }
    },
    "node_modules/@radix-ui/react-primitive": {
      "version": "2.0.0",
      "resolved": "https://registry.npmjs.org/@radix-ui/react-primitive/-/react-primitive-2.0.0.tgz",
      "integrity": "sha512-ZSpFm0/uHa8zTvKBDjLFWLo8dkr4MBsiDLz0g3gMUwqgLHz9rTaRRGYDgvZPtBJgYCBKXkS9fzmoySgr8CO6Cw==",
      "dependencies": {
        "@radix-ui/react-slot": "1.1.0"
      },
      "peerDependencies": {
        "@types/react": "*",
        "@types/react-dom": "*",
        "react": "^16.8 || ^17.0 || ^18.0 || ^19.0 || ^19.0.0-rc",
        "react-dom": "^16.8 || ^17.0 || ^18.0 || ^19.0 || ^19.0.0-rc"
      },
      "peerDependenciesMeta": {
        "@types/react": {
          "optional": true
        },
        "@types/react-dom": {
          "optional": true
        }
      }
    },
    "node_modules/@radix-ui/react-slot": {
      "version": "1.1.0",
      "resolved": "https://registry.npmjs.org/@radix-ui/react-slot/-/react-slot-1.1.0.tgz",
      "integrity": "sha512-FUCf5XMfmW4dtYl69pdS4DbxKy8nj4M7SafBgPllysxmdachynNflAdp/gCsnYWNDnge6tI9onzMp5ARYc1KNw==",
      "dependencies": {
        "@radix-ui/react-compose-refs": "1.1.0"
      },
      "peerDependencies": {
        "@types/react": "*",
        "react": "^16.8 || ^17.0 || ^18.0 || ^19.0 || ^19.0.0-rc"
      },
      "peerDependenciesMeta": {
        "@types/react": {
          "optional": true
        }
      }
    },
    "node_modules/@radix-ui/react-toast": {
      "version": "1.2.2",
      "resolved": "https://registry.npmjs.org/@radix-ui/react-toast/-/react-toast-1.2.2.tgz",
      "integrity": "sha512-Z6pqSzmAP/bFJoqMAston4eSNa+ud44NSZTiZUmUen+IOZ5nBY8kzuU5WDBVyFXPtcW6yUalOHsxM/BP6Sv8ww==",
      "dependencies": {
        "@radix-ui/primitive": "1.1.0",
        "@radix-ui/react-collection": "1.1.0",
        "@radix-ui/react-compose-refs": "1.1.0",
        "@radix-ui/react-context": "1.1.1",
        "@radix-ui/react-dismissable-layer": "1.1.1",
        "@radix-ui/react-portal": "1.1.2",
        "@radix-ui/react-presence": "1.1.1",
        "@radix-ui/react-primitive": "2.0.0",
        "@radix-ui/react-use-callback-ref": "1.1.0",
        "@radix-ui/react-use-controllable-state": "1.1.0",
        "@radix-ui/react-use-layout-effect": "1.1.0",
        "@radix-ui/react-visually-hidden": "1.1.0"
      },
      "peerDependencies": {
        "@types/react": "*",
        "@types/react-dom": "*",
        "react": "^16.8 || ^17.0 || ^18.0 || ^19.0 || ^19.0.0-rc",
        "react-dom": "^16.8 || ^17.0 || ^18.0 || ^19.0 || ^19.0.0-rc"
      },
      "peerDependenciesMeta": {
        "@types/react": {
          "optional": true
        },
        "@types/react-dom": {
          "optional": true
        }
      }
    },
    "node_modules/@radix-ui/react-use-callback-ref": {
      "version": "1.1.0",
      "resolved": "https://registry.npmjs.org/@radix-ui/react-use-callback-ref/-/react-use-callback-ref-1.1.0.tgz",
      "integrity": "sha512-CasTfvsy+frcFkbXtSJ2Zu9JHpN8TYKxkgJGWbjiZhFivxaeW7rMeZt7QELGVLaYVfFMsKHjb7Ak0nMEe+2Vfw==",
      "peerDependencies": {
        "@types/react": "*",
        "react": "^16.8 || ^17.0 || ^18.0 || ^19.0 || ^19.0.0-rc"
      },
      "peerDependenciesMeta": {
        "@types/react": {
          "optional": true
        }
      }
    },
    "node_modules/@radix-ui/react-use-controllable-state": {
      "version": "1.1.0",
      "resolved": "https://registry.npmjs.org/@radix-ui/react-use-controllable-state/-/react-use-controllable-state-1.1.0.tgz",
      "integrity": "sha512-MtfMVJiSr2NjzS0Aa90NPTnvTSg6C/JLCV7ma0W6+OMV78vd8OyRpID+Ng9LxzsPbLeuBnWBA1Nq30AtBIDChw==",
      "dependencies": {
        "@radix-ui/react-use-callback-ref": "1.1.0"
      },
      "peerDependencies": {
        "@types/react": "*",
        "react": "^16.8 || ^17.0 || ^18.0 || ^19.0 || ^19.0.0-rc"
      },
      "peerDependenciesMeta": {
        "@types/react": {
          "optional": true
        }
      }
    },
    "node_modules/@radix-ui/react-use-escape-keydown": {
      "version": "1.1.0",
      "resolved": "https://registry.npmjs.org/@radix-ui/react-use-escape-keydown/-/react-use-escape-keydown-1.1.0.tgz",
      "integrity": "sha512-L7vwWlR1kTTQ3oh7g1O0CBF3YCyyTj8NmhLR+phShpyA50HCfBFKVJTpshm9PzLiKmehsrQzTYTpX9HvmC9rhw==",
      "dependencies": {
        "@radix-ui/react-use-callback-ref": "1.1.0"
      },
      "peerDependencies": {
        "@types/react": "*",
        "react": "^16.8 || ^17.0 || ^18.0 || ^19.0 || ^19.0.0-rc"
      },
      "peerDependenciesMeta": {
        "@types/react": {
          "optional": true
        }
      }
    },
    "node_modules/@radix-ui/react-use-layout-effect": {
      "version": "1.1.0",
      "resolved": "https://registry.npmjs.org/@radix-ui/react-use-layout-effect/-/react-use-layout-effect-1.1.0.tgz",
      "integrity": "sha512-+FPE0rOdziWSrH9athwI1R0HDVbWlEhd+FR+aSDk4uWGmSJ9Z54sdZVDQPZAinJhJXwfT+qnj969mCsT2gfm5w==",
      "peerDependencies": {
        "@types/react": "*",
        "react": "^16.8 || ^17.0 || ^18.0 || ^19.0 || ^19.0.0-rc"
      },
      "peerDependenciesMeta": {
        "@types/react": {
          "optional": true
        }
      }
    },
    "node_modules/@radix-ui/react-visually-hidden": {
      "version": "1.1.0",
      "resolved": "https://registry.npmjs.org/@radix-ui/react-visually-hidden/-/react-visually-hidden-1.1.0.tgz",
      "integrity": "sha512-N8MDZqtgCgG5S3aV60INAB475osJousYpZ4cTJ2cFbMpdHS5Y6loLTH8LPtkj2QN0x93J30HT/M3qJXM0+lyeQ==",
      "dependencies": {
        "@radix-ui/react-primitive": "2.0.0"
      },
      "peerDependencies": {
        "@types/react": "*",
        "@types/react-dom": "*",
        "react": "^16.8 || ^17.0 || ^18.0 || ^19.0 || ^19.0.0-rc",
        "react-dom": "^16.8 || ^17.0 || ^18.0 || ^19.0 || ^19.0.0-rc"
      },
      "peerDependenciesMeta": {
        "@types/react": {
          "optional": true
        },
        "@types/react-dom": {
          "optional": true
        }
      }
    },
    "node_modules/@swc/counter": {
      "version": "0.1.3",
      "resolved": "https://registry.npmjs.org/@swc/counter/-/counter-0.1.3.tgz",
      "integrity": "sha512-e2BR4lsJkkRlKZ/qCHPw9ZaSxc0MVUd7gtbtaB7aMvHeJVYe8sOB8DBZkP2DtISHGSku9sCK6T6cnY0CtXrOCQ=="
    },
    "node_modules/@swc/helpers": {
      "version": "0.5.5",
      "resolved": "https://registry.npmjs.org/@swc/helpers/-/helpers-0.5.5.tgz",
      "integrity": "sha512-KGYxvIOXcceOAbEk4bi/dVLEK9z8sZ0uBB3Il5b1rhfClSpcX0yfRO0KmTkqR2cnQDymwLB+25ZyMzICg/cm/A==",
      "dependencies": {
        "@swc/counter": "^0.1.3",
        "tslib": "^2.4.0"
      }
    },
    "node_modules/busboy": {
      "version": "1.6.0",
      "resolved": "https://registry.npmjs.org/busboy/-/busboy-1.6.0.tgz",
      "integrity": "sha512-8SFQbg/0hQ9xy3UNTB0YEnsNBbWfhf7RtnzpL7TkBiTBRfrQ9Fxcnz7VJsleJpyp6rVLvXiuORqjlHi5q+PYuA==",
      "dependencies": {
        "streamsearch": "^1.1.0"
      },
      "engines": {
        "node": ">=10.16.0"
      }
    },
    "node_modules/caniuse-lite": {
      "version": "1.0.30001677",
      "resolved": "https://registry.npmjs.org/caniuse-lite/-/caniuse-lite-1.0.30001677.tgz",
      "integrity": "sha512-fmfjsOlJUpMWu+mAAtZZZHz7UEwsUxIIvu1TJfO1HqFQvB/B+ii0xr9B5HpbZY/mC4XZ8SvjHJqtAY6pDPQEog==",
      "funding": [
        {
          "type": "opencollective",
          "url": "https://opencollective.com/browserslist"
        },
        {
          "type": "tidelift",
          "url": "https://tidelift.com/funding/github/npm/caniuse-lite"
        },
        {
          "type": "github",
          "url": "https://github.com/sponsors/ai"
        }
      ]
    },
    "node_modules/class-variance-authority": {
      "version": "0.7.0",
      "resolved": "https://registry.npmjs.org/class-variance-authority/-/class-variance-authority-0.7.0.tgz",
      "integrity": "sha512-jFI8IQw4hczaL4ALINxqLEXQbWcNjoSkloa4IaufXCJr6QawJyw7tuRysRsrE8w2p/4gGaxKIt/hX3qz/IbD1A==",
      "dependencies": {
        "clsx": "2.0.0"
      },
      "funding": {
        "url": "https://joebell.co.uk"
      }
    },
    "node_modules/class-variance-authority/node_modules/clsx": {
      "version": "2.0.0",
      "resolved": "https://registry.npmjs.org/clsx/-/clsx-2.0.0.tgz",
      "integrity": "sha512-rQ1+kcj+ttHG0MKVGBUXwayCCF1oh39BF5COIpRzuCEv8Mwjv0XucrI2ExNTOn9IlLifGClWQcU9BrZORvtw6Q==",
      "engines": {
        "node": ">=6"
      }
    },
    "node_modules/client-only": {
      "version": "0.0.1",
      "resolved": "https://registry.npmjs.org/client-only/-/client-only-0.0.1.tgz",
      "integrity": "sha512-IV3Ou0jSMzZrd3pZ48nLkT9DA7Ag1pnPzaiQhpW7c3RbcqqzvzzVu+L8gfqMp/8IM2MQtSiqaCxrrcfu8I8rMA=="
    },
    "node_modules/clsx": {
      "version": "2.1.1",
      "resolved": "https://registry.npmjs.org/clsx/-/clsx-2.1.1.tgz",
      "integrity": "sha512-eYm0QWBtUrBWZWG0d386OGAw16Z995PiOVo2B7bjWSbHedGl5e0ZWaq65kOGgUSNesEIDkB9ISbTg/JK9dhCZA==",
      "engines": {
        "node": ">=6"
      }
    },
    "node_modules/cookie": {
      "version": "0.7.0",
      "resolved": "https://registry.npmjs.org/cookie/-/cookie-0.7.0.tgz",
      "integrity": "sha512-qCf+V4dtlNhSRXGAZatc1TasyFO6GjohcOul807YOb5ik3+kQSnb4d7iajeCL8QHaJ4uZEjCgiCJerKXwdRVlQ==",
      "engines": {
        "node": ">= 0.6"
      }
    },
    "node_modules/crypto-js": {
      "version": "4.2.0",
      "resolved": "https://registry.npmjs.org/crypto-js/-/crypto-js-4.2.0.tgz",
      "integrity": "sha512-KALDyEYgpY+Rlob/iriUtjV6d5Eq+Y191A5g4UqLAi8CyGP9N1+FdVbkc1SxKc2r4YAYqG8JzO2KGL+AizD70Q=="
    },
    "node_modules/csstype": {
      "version": "3.1.1",
      "resolved": "https://registry.npmjs.org/csstype/-/csstype-3.1.1.tgz",
      "integrity": "sha512-DJR/VvkAvSZW9bTouZue2sSxDwdTN92uHjqeKVm+0dAqdfNykRzQ95tay8aXMBAAPpUiq4Qcug2L7neoRh2Egw=="
    },
    "node_modules/dot-case": {
      "version": "3.0.4",
      "resolved": "https://registry.npmjs.org/dot-case/-/dot-case-3.0.4.tgz",
      "integrity": "sha512-Kv5nKlh6yRrdrGvxeJ2e5y2eRUpkUosIW4A2AS38zwSz27zu7ufDwQPi5Jhs3XAlGNetl3bmnGhQsMtkKJnj3w==",
      "dependencies": {
        "no-case": "^3.0.4",
        "tslib": "^2.0.3"
      }
    },
    "node_modules/ezheaders": {
      "version": "0.1.0",
      "resolved": "https://registry.npmjs.org/ezheaders/-/ezheaders-0.1.0.tgz",
      "integrity": "sha512-U0wdCs2dS+IzFuxyHGyw1aWhiunW22sGqnyH4yQsovkgqUvO4YSbzQ5BQzV6HY4oFlNnK+TbFGJj8rvvX5aN7w==",
      "peerDependencies": {
        "next": "^13.5.4 || ^14 || ^15"
      }
    },
    "node_modules/glob-to-regexp": {
      "version": "0.4.1",
      "resolved": "https://registry.npmjs.org/glob-to-regexp/-/glob-to-regexp-0.4.1.tgz",
      "integrity": "sha512-lkX1HJXwyMcprw/5YUZc2s7DrpAiHB21/V+E1rHUrVNokkvB6bqMzT0VfV6/86ZNabt1k14YOIaT7nDvOX3Iiw=="
    },
    "node_modules/graceful-fs": {
      "version": "4.2.11",
      "resolved": "https://registry.npmjs.org/graceful-fs/-/graceful-fs-4.2.11.tgz",
      "integrity": "sha512-RbJ5/jmFcNNCcDV5o9eTnBLJ/HszWV0P73bc+Ff4nS/rJj+YaS6IGyiOL0VoBYX+l1Wrl3k63h/KrH+nhJ0XvQ=="
    },
    "node_modules/js-cookie": {
      "version": "3.0.5",
      "resolved": "https://registry.npmjs.org/js-cookie/-/js-cookie-3.0.5.tgz",
      "integrity": "sha512-cEiJEAEoIbWfCZYKWhVwFuvPX1gETRYPw6LlaTKoxD3s2AkXzkCjnp6h0V77ozyqj0jakteJ4YqDJT830+lVGw==",
      "engines": {
        "node": ">=14"
      }
    },
    "node_modules/js-tokens": {
      "version": "4.0.0",
      "resolved": "https://registry.npmjs.org/js-tokens/-/js-tokens-4.0.0.tgz",
      "integrity": "sha512-RdJUflcE3cUzKiMqQgsCu06FPu9UdIJO0beYbPhHN4k6apgJtifcoCtT9bcxOpYBtpD2kCM6Sbzg4CausW/PKQ=="
    },
    "node_modules/loose-envify": {
      "version": "1.4.0",
      "resolved": "https://registry.npmjs.org/loose-envify/-/loose-envify-1.4.0.tgz",
      "integrity": "sha512-lyuxPGr/Wfhrlem2CL/UcnUc1zcqKAImBDzukY7Y5F/yQiNdko6+fRLevlw1HgMySw7f611UIY408EtxRSoK3Q==",
      "dependencies": {
        "js-tokens": "^3.0.0 || ^4.0.0"
      },
      "bin": {
        "loose-envify": "cli.js"
      }
    },
    "node_modules/lower-case": {
      "version": "2.0.2",
      "resolved": "https://registry.npmjs.org/lower-case/-/lower-case-2.0.2.tgz",
      "integrity": "sha512-7fm3l3NAF9WfN6W3JOmf5drwpVqX78JtoGJ3A6W0a6ZnldM41w2fV5D490psKFTpMds8TJse/eHLFFsNHHjHgg==",
      "dependencies": {
        "tslib": "^2.0.3"
      }
    },
    "node_modules/lucide-react": {
      "version": "0.358.0",
      "resolved": "https://registry.npmjs.org/lucide-react/-/lucide-react-0.358.0.tgz",
      "integrity": "sha512-rBSptRjZTMBm24zsFhR6pK/NgbT18JegZGKcH4+1H3+UigMSRpeoWLtR/fAwMYwYnlJOZB+y8WpeHne9D6X6Kg==",
      "peerDependencies": {
        "react": "^16.5.1 || ^17.0.0 || ^18.0.0"
      }
    },
    "node_modules/map-obj": {
      "version": "4.3.0",
      "resolved": "https://registry.npmjs.org/map-obj/-/map-obj-4.3.0.tgz",
      "integrity": "sha512-hdN1wVrZbb29eBGiGjJbeP8JbKjq1urkHJ/LIP/NY48MZ1QVXUsQBV1G1zvYFHn1XE06cwjBsOI2K3Ulnj1YXQ==",
      "engines": {
        "node": ">=8"
      },
      "funding": {
        "url": "https://github.com/sponsors/sindresorhus"
      }
    },
    "node_modules/nanoid": {
      "version": "3.3.7",
      "resolved": "https://registry.npmjs.org/nanoid/-/nanoid-3.3.7.tgz",
      "integrity": "sha512-eSRppjcPIatRIMC1U6UngP8XFcz8MQWGQdt1MTBQ7NaAmvXDfvNxbvWV3x2y6CdEUciCSsDHDQZbhYaB8QEo2g==",
      "funding": [
        {
          "type": "github",
          "url": "https://github.com/sponsors/ai"
        }
      ],
      "bin": {
        "nanoid": "bin/nanoid.cjs"
      },
      "engines": {
        "node": "^10 || ^12 || ^13.7 || ^14 || >=15.0.1"
      }
    },
    "node_modules/next": {
      "version": "14.2.16",
      "resolved": "https://registry.npmjs.org/next/-/next-14.2.16.tgz",
      "integrity": "sha512-LcO7WnFu6lYSvCzZoo1dB+IO0xXz5uEv52HF1IUN0IqVTUIZGHuuR10I5efiLadGt+4oZqTcNZyVVEem/TM5nA==",
      "dependencies": {
        "@next/env": "14.2.16",
        "@swc/helpers": "0.5.5",
        "busboy": "1.6.0",
        "caniuse-lite": "^1.0.30001579",
        "graceful-fs": "^4.2.11",
        "postcss": "8.4.31",
        "styled-jsx": "5.1.1"
      },
      "bin": {
        "next": "dist/bin/next"
      },
      "engines": {
        "node": ">=18.17.0"
      },
      "optionalDependencies": {
        "@next/swc-darwin-arm64": "14.2.16",
        "@next/swc-darwin-x64": "14.2.16",
        "@next/swc-linux-arm64-gnu": "14.2.16",
        "@next/swc-linux-arm64-musl": "14.2.16",
        "@next/swc-linux-x64-gnu": "14.2.16",
        "@next/swc-linux-x64-musl": "14.2.16",
        "@next/swc-win32-arm64-msvc": "14.2.16",
        "@next/swc-win32-ia32-msvc": "14.2.16",
        "@next/swc-win32-x64-msvc": "14.2.16"
      },
      "peerDependencies": {
        "@opentelemetry/api": "^1.1.0",
        "@playwright/test": "^1.41.2",
        "react": "^18.2.0",
        "react-dom": "^18.2.0",
        "sass": "^1.3.0"
      },
      "peerDependenciesMeta": {
        "@opentelemetry/api": {
          "optional": true
        },
        "@playwright/test": {
          "optional": true
        },
        "sass": {
          "optional": true
        }
      }
    },
    "node_modules/no-case": {
      "version": "3.0.4",
      "resolved": "https://registry.npmjs.org/no-case/-/no-case-3.0.4.tgz",
      "integrity": "sha512-fgAN3jGAh+RoxUGZHTSOLJIqUc2wmoBwGR4tbpNAKmmovFoWq0OdRkb0VkldReO2a2iBT/OEulG9XSUc10r3zg==",
      "dependencies": {
        "lower-case": "^2.0.2",
        "tslib": "^2.0.3"
      }
    },
    "node_modules/picocolors": {
      "version": "1.1.1",
      "resolved": "https://registry.npmjs.org/picocolors/-/picocolors-1.1.1.tgz",
      "integrity": "sha512-xceH2snhtb5M9liqDsmEw56le376mTZkEX/jEb/RxNFyegNul7eNslCXP9FDj/Lcu0X8KEyMceP2ntpaHrDEVA=="
    },
    "node_modules/postcss": {
      "version": "8.4.31",
      "resolved": "https://registry.npmjs.org/postcss/-/postcss-8.4.31.tgz",
      "integrity": "sha512-PS08Iboia9mts/2ygV3eLpY5ghnUcfLV/EXTOW1E2qYxJKGGBUtNjN76FYHnMs36RmARn41bC0AZmn+rR0OVpQ==",
      "funding": [
        {
          "type": "opencollective",
          "url": "https://opencollective.com/postcss/"
        },
        {
          "type": "tidelift",
          "url": "https://tidelift.com/funding/github/npm/postcss"
        },
        {
          "type": "github",
          "url": "https://github.com/sponsors/ai"
        }
      ],
      "dependencies": {
        "nanoid": "^3.3.6",
        "picocolors": "^1.0.0",
        "source-map-js": "^1.0.2"
      },
      "engines": {
        "node": "^10 || ^12 || >=14"
      }
    },
    "node_modules/react": {
      "version": "18.3.1",
      "resolved": "https://registry.npmjs.org/react/-/react-18.3.1.tgz",
      "integrity": "sha512-wS+hAgJShR0KhEvPJArfuPVN1+Hz1t0Y6n5jLrGQbkb4urgPE/0Rve+1kMB1v/oWgHgm4WIcV+i7F2pTVj+2iQ==",
      "dependencies": {
        "loose-envify": "^1.1.0"
      },
      "engines": {
        "node": ">=0.10.0"
      }
    },
    "node_modules/react-dom": {
      "version": "18.3.1",
      "resolved": "https://registry.npmjs.org/react-dom/-/react-dom-18.3.1.tgz",
      "integrity": "sha512-5m4nQKp+rZRb09LNH59GM4BxTh9251/ylbKIbpe7TpGxfJ+9kv6BLkLBXIjjspbgbnIBNqlI23tRnTWT0snUIw==",
      "dependencies": {
        "loose-envify": "^1.1.0",
        "scheduler": "^0.23.2"
      },
      "peerDependencies": {
        "react": "^18.3.1"
      }
    },
    "node_modules/react-toastify": {
      "version": "10.0.6",
      "resolved": "https://registry.npmjs.org/react-toastify/-/react-toastify-10.0.6.tgz",
      "integrity": "sha512-yYjp+omCDf9lhZcrZHKbSq7YMuK0zcYkDFTzfRFgTXkTFHZ1ToxwAonzA4JI5CxA91JpjFLmwEsZEgfYfOqI1A==",
      "dependencies": {
        "clsx": "^2.1.0"
      },
      "peerDependencies": {
        "react": ">=18",
        "react-dom": ">=18"
      }
    },
    "node_modules/scheduler": {
      "version": "0.23.2",
      "resolved": "https://registry.npmjs.org/scheduler/-/scheduler-0.23.2.tgz",
      "integrity": "sha512-UOShsPwz7NrMUqhR6t0hWjFduvOzbtv7toDH1/hIrfRNIDBnnBWd0CwJTGvTpngVlmwGCdP9/Zl/tVrDqcuYzQ==",
      "dependencies": {
        "loose-envify": "^1.1.0"
      }
    },
    "node_modules/server-only": {
      "version": "0.0.1",
      "resolved": "https://registry.npmjs.org/server-only/-/server-only-0.0.1.tgz",
      "integrity": "sha512-qepMx2JxAa5jjfzxG79yPPq+8BuFToHd1hm7kI+Z4zAq1ftQiP7HcxMhDDItrbtwVeLg/cY2JnKnrcFkmiswNA=="
    },
    "node_modules/snake-case": {
      "version": "3.0.4",
      "resolved": "https://registry.npmjs.org/snake-case/-/snake-case-3.0.4.tgz",
      "integrity": "sha512-LAOh4z89bGQvl9pFfNF8V146i7o7/CqFPbqzYgP+yYzDIDeS9HaNFtXABamRW+AQzEVODcvE79ljJ+8a9YSdMg==",
      "dependencies": {
        "dot-case": "^3.0.4",
        "tslib": "^2.0.3"
      }
    },
    "node_modules/snakecase-keys": {
      "version": "5.4.4",
      "resolved": "https://registry.npmjs.org/snakecase-keys/-/snakecase-keys-5.4.4.tgz",
      "integrity": "sha512-YTywJG93yxwHLgrYLZjlC75moVEX04LZM4FHfihjHe1FCXm+QaLOFfSf535aXOAd0ArVQMWUAe8ZPm4VtWyXaA==",
      "dependencies": {
        "map-obj": "^4.1.0",
        "snake-case": "^3.0.4",
        "type-fest": "^2.5.2"
      },
      "engines": {
        "node": ">=12"
      }
    },
    "node_modules/source-map-js": {
      "version": "1.2.1",
      "resolved": "https://registry.npmjs.org/source-map-js/-/source-map-js-1.2.1.tgz",
      "integrity": "sha512-UXWMKhLOwVKb728IUtQPXxfYU+usdybtUrK/8uGE8CQMvrhOpwvzDBwj0QhSL7MQc7vIsISBG8VQ8+IDQxpfQA==",
      "engines": {
        "node": ">=0.10.0"
      }
    },
    "node_modules/std-env": {
      "version": "3.7.0",
      "resolved": "https://registry.npmjs.org/std-env/-/std-env-3.7.0.tgz",
      "integrity": "sha512-JPbdCEQLj1w5GilpiHAx3qJvFndqybBysA3qUOnznweH4QbNYUsW/ea8QzSrnh0vNsezMMw5bcVool8lM0gwzg=="
    },
    "node_modules/streamsearch": {
      "version": "1.1.0",
      "resolved": "https://registry.npmjs.org/streamsearch/-/streamsearch-1.1.0.tgz",
      "integrity": "sha512-Mcc5wHehp9aXz1ax6bZUyY5afg9u2rv5cqQI3mRrYkGC8rW2hM02jWuwjtL++LS5qinSyhj2QfLyNsuc+VsExg==",
      "engines": {
        "node": ">=10.0.0"
      }
    },
    "node_modules/styled-jsx": {
      "version": "5.1.1",
      "resolved": "https://registry.npmjs.org/styled-jsx/-/styled-jsx-5.1.1.tgz",
      "integrity": "sha512-pW7uC1l4mBZ8ugbiZrcIsiIvVx1UmTfw7UkC3Um2tmfUq9Bhk8IiyEIPl6F8agHgjzku6j0xQEZbfA5uSgSaCw==",
      "dependencies": {
        "client-only": "0.0.1"
      },
      "engines": {
        "node": ">= 12.0.0"
      },
      "peerDependencies": {
        "react": ">= 16.8.0 || 17.x.x || ^18.0.0-0"
      },
      "peerDependenciesMeta": {
        "@babel/core": {
          "optional": true
        },
        "babel-plugin-macros": {
          "optional": true
        }
      }
    },
    "node_modules/swr": {
      "version": "2.2.5",
      "resolved": "https://registry.npmjs.org/swr/-/swr-2.2.5.tgz",
      "integrity": "sha512-QtxqyclFeAsxEUeZIYmsaQ0UjimSq1RZ9Un7I68/0ClKK/U3LoyQunwkQfJZr2fc22DfIXLNDc2wFyTEikCUpg==",
      "dependencies": {
        "client-only": "^0.0.1",
        "use-sync-external-store": "^1.2.0"
      },
      "peerDependencies": {
        "react": "^16.11.0 || ^17.0.0 || ^18.0.0"
      }
    },
    "node_modules/tailwind-merge": {
      "version": "2.5.4",
      "resolved": "https://registry.npmjs.org/tailwind-merge/-/tailwind-merge-2.5.4.tgz",
      "integrity": "sha512-0q8cfZHMu9nuYP/b5Shb7Y7Sh1B7Nnl5GqNr1U+n2p6+mybvRtayrQ+0042Z5byvTA8ihjlP8Odo8/VnHbZu4Q==",
      "funding": {
        "type": "github",
        "url": "https://github.com/sponsors/dcastil"
      }
    },
    "node_modules/tslib": {
      "version": "2.4.1",
      "resolved": "https://registry.npmjs.org/tslib/-/tslib-2.4.1.tgz",
      "integrity": "sha512-tGyy4dAjRIEwI7BzsB0lynWgOpfqjUdq91XXAlIWD2OwKBH7oCl/GZG/HT4BOHrTlPMOASlMQ7veyTqpmRcrNA=="
    },
    "node_modules/type-fest": {
      "version": "2.19.0",
      "resolved": "https://registry.npmjs.org/type-fest/-/type-fest-2.19.0.tgz",
      "integrity": "sha512-RAH822pAdBgcNMAfWnCBU3CFZcfZ/i1eZjwFU/dsLKumyuuP3niueg2UAukXYF0E2AAoc82ZSSf9J0WQBinzHA==",
      "engines": {
        "node": ">=12.20"
      },
      "funding": {
        "url": "https://github.com/sponsors/sindresorhus"
      }
    },
    "node_modules/use-sync-external-store": {
      "version": "1.2.2",
      "resolved": "https://registry.npmjs.org/use-sync-external-store/-/use-sync-external-store-1.2.2.tgz",
      "integrity": "sha512-PElTlVMwpblvbNqQ82d2n6RjStvdSoNe9FG28kNfz3WiXilJm4DdNkEzRhCZuIDwY8U08WVihhGR5iRqAwfDiw==",
      "peerDependencies": {
        "react": "^16.8.0 || ^17.0.0 || ^18.0.0"
      }
    }
  }
}
